
Microsoft Visual Studio Solution File, Format Version 12.00
# Visual Studio Version 16
VisualStudioVersion = 16.0.30114.105
MinimumVisualStudioVersion = 10.0.40219.1
Project("{2150E333-8FDC-42A3-9474-1A3956D46DE8}") = "src", "src", "{5471DC9F-4DB9-413A-88B6-5AF04E4A3F4B}"
EndProject
Project("{FAE04EC0-301F-11D3-BF4B-00C04F79EFBC}") = "Sap.UI5.Cli", "src\Sap.UI5.Cli\Sap.UI5.Cli.csproj", "{65A7F20F-DCB5-4AD4-BEC7-461568419C70}"
EndProject
Project("{FAE04EC0-301F-11D3-BF4B-00C04F79EFBC}") = "Sap.UI5.Core", "src\Sap.UI5.Core\Sap.UI5.Core.csproj", "{039FED69-F080-4F44-8CA8-C7A36526E29C}"
EndProject
Project("{FAE04EC0-301F-11D3-BF4B-00C04F79EFBC}") = "Sap.UI5.Application", "src\Sap.UI5.Application\Sap.UI5.Application.csproj", "{08479135-BC8F-4112-9C94-7558B694DB7D}"
EndProject
Global
	GlobalSection(SolutionConfigurationPlatforms) = preSolution
		Debug|Any CPU = Debug|Any CPU
		Release|Any CPU = Release|Any CPU
	EndGlobalSection
	GlobalSection(SolutionProperties) = preSolution
		HideSolutionNode = FALSE
	EndGlobalSection
	GlobalSection(ProjectConfigurationPlatforms) = postSolution
		{65A7F20F-DCB5-4AD4-BEC7-461568419C70}.Debug|Any CPU.ActiveCfg = Debug|Any CPU
		{65A7F20F-DCB5-4AD4-BEC7-461568419C70}.Debug|Any CPU.Build.0 = Debug|Any CPU
		{65A7F20F-DCB5-4AD4-BEC7-461568419C70}.Release|Any CPU.ActiveCfg = Release|Any CPU
		{65A7F20F-DCB5-4AD4-BEC7-461568419C70}.Release|Any CPU.Build.0 = Release|Any CPU
		{039FED69-F080-4F44-8CA8-C7A36526E29C}.Debug|Any CPU.ActiveCfg = Debug|Any CPU
		{039FED69-F080-4F44-8CA8-C7A36526E29C}.Debug|Any CPU.Build.0 = Debug|Any CPU
		{039FED69-F080-4F44-8CA8-C7A36526E29C}.Release|Any CPU.ActiveCfg = Release|Any CPU
		{039FED69-F080-4F44-8CA8-C7A36526E29C}.Release|Any CPU.Build.0 = Release|Any CPU
		{08479135-BC8F-4112-9C94-7558B694DB7D}.Debug|Any CPU.ActiveCfg = Debug|Any CPU
		{08479135-BC8F-4112-9C94-7558B694DB7D}.Debug|Any CPU.Build.0 = Debug|Any CPU
		{08479135-BC8F-4112-9C94-7558B694DB7D}.Release|Any CPU.ActiveCfg = Release|Any CPU
		{08479135-BC8F-4112-9C94-7558B694DB7D}.Release|Any CPU.Build.0 = Release|Any CPU
	EndGlobalSection
	GlobalSection(NestedProjects) = preSolution
		{65A7F20F-DCB5-4AD4-BEC7-461568419C70} = {5471DC9F-4DB9-413A-88B6-5AF04E4A3F4B}
		{039FED69-F080-4F44-8CA8-C7A36526E29C} = {5471DC9F-4DB9-413A-88B6-5AF04E4A3F4B}
		{08479135-BC8F-4112-9C94-7558B694DB7D} = {5471DC9F-4DB9-413A-88B6-5AF04E4A3F4B}
	EndGlobalSection
EndGlobal
